
Microsoft Visual Studio Solution File, Format Version 12.00
# Visual Studio Version 18
VisualStudioVersion = 18.5.11709.299 stable
MinimumVisualStudioVersion = 10.0.40219.1
Project("{2150E333-8FDC-42A3-9474-1A3956D46DE8}") = "Chat", "Chat", "{77516C2C-BA4E-4258-9CA0-AE4C4B0209E1}"
EndProject
Project("{2150E333-8FDC-42A3-9474-1A3956D46DE8}") = "Chat.Lib", "Chat.Lib", "{5D8D56B3-67B9-4EC8-B950-7C3594D026C6}"
EndProject
Project("{FAE04EC0-301F-11D3-BF4B-00C04F79EFBC}") = "Lib.ChatConsole", "Chat\Chat.Lib\Lib.ChatConsole\Lib.ChatConsole.csproj", "{F19880A0-7A02-40EF-A545-7DB6733404F6}"
EndProject
Project("{FAE04EC0-301F-11D3-BF4B-00C04F79EFBC}") = "Lib.Corpus", "Chat\Chat.Lib\Lib.Corpus\Lib.Corpus.csproj", "{0D5B5BC9-8EF1-4331-9374-DCEC6C05B6B5}"
EndProject
Project("{FAE04EC0-301F-11D3-BF4B-00C04F79EFBC}") = "Lib.MathCore", "Chat\Chat.Lib\Lib.MathCore\Lib.MathCore.csproj", "{BAE27964-132B-4C12-8FAB-8FF6C2EBC19B}"
EndProject
Project("{FAE04EC0-301F-11D3-BF4B-00C04F79EFBC}") = "Lib.Models.NGram", "Chat\Chat.Lib\Lib.Models.NGram\Lib.Models.NGram.csproj", "{BC8E3693-3E58-4C33-94D1-E16AC29E1BFA}"
EndProject
Project("{FAE04EC0-301F-11D3-BF4B-00C04F79EFBC}") = "Lib.Models.TinyTransformer", "Chat\Chat.Lib\Lib.Models.TinyTransformer\Lib.Models.TinyTransformer.csproj", "{94B85D1E-6751-4A8C-A564-FFA58FE8F995}"
EndProject
Project("{FAE04EC0-301F-11D3-BF4B-00C04F79EFBC}") = "Lib.Tokenization", "Chat\Chat.Lib\Lib.Tokenization\Lib.Tokenization.csproj", "{644F6511-7FAC-45F0-8358-CDD7B3D1498E}"
EndProject
Project("{FAE04EC0-301F-11D3-BF4B-00C04F79EFBC}") = "Chat", "Chat\Chat.csproj", "{6AC08FFB-A796-45B5-8033-FB63FCE84932}"
EndProject
Project("{2150E333-8FDC-42A3-9474-1A3956D46DE8}") = "Lib.Sampling", "Lib.Sampling", "{C3AE0746-4EDC-5A03-978E-FEF536D2361A}"
EndProject
Project("{FAE04EC0-301F-11D3-BF4B-00C04F79EFBC}") = "scr", "Chat\Chat.Lib\Lib.Sampling\scr.csproj", "{E9E723DC-E20B-4F90-9978-CD55AE89C7F5}"
EndProject
Project("{FAE04EC0-301F-11D3-BF4B-00C04F79EFBC}") = "Contracts", "Chat\Contracts\Contracts.csproj", "{3D58439B-5E25-4E4F-AF37-655AD7B4DB7F}"
EndProject
Project("{FAE04EC0-301F-11D3-BF4B-00C04F79EFBC}") = "Lib.ChatConsole.Tests", "Chat\Chat.Lib\Lib.ChatConsole.Tests\Lib.ChatConsole.Tests.csproj", "{6171F529-EBCD-6140-B18A-4224FF7CFE0F}"
EndProject
Project("{FAE04EC0-301F-11D3-BF4B-00C04F79EFBC}") = "Lib.Models.TinyNN", "Chat\Chat.Lib\Lib.Models.TinyNN\Lib.Models.TinyNN.csproj", "{ADB12FDF-0D14-15AE-232C-7DC8755CCDF9}"
EndProject
Global
	GlobalSection(SolutionConfigurationPlatforms) = preSolution
		Debug|Any CPU = Debug|Any CPU
		Debug|x64 = Debug|x64
		Debug|x86 = Debug|x86
		Release|Any CPU = Release|Any CPU
		Release|x64 = Release|x64
		Release|x86 = Release|x86
	EndGlobalSection
	GlobalSection(ProjectConfigurationPlatforms) = postSolution
		{F19880A0-7A02-40EF-A545-7DB6733404F6}.Debug|Any CPU.ActiveCfg = Debug|Any CPU
		{F19880A0-7A02-40EF-A545-7DB6733404F6}.Debug|Any CPU.Build.0 = Debug|Any CPU
		{F19880A0-7A02-40EF-A545-7DB6733404F6}.Debug|x64.ActiveCfg = Debug|Any CPU
		{F19880A0-7A02-40EF-A545-7DB6733404F6}.Debug|x64.Build.0 = Debug|Any CPU
		{F19880A0-7A02-40EF-A545-7DB6733404F6}.Debug|x86.ActiveCfg = Debug|Any CPU
		{F19880A0-7A02-40EF-A545-7DB6733404F6}.Debug|x86.Build.0 = Debug|Any CPU
		{F19880A0-7A02-40EF-A545-7DB6733404F6}.Release|Any CPU.ActiveCfg = Release|Any CPU
		{F19880A0-7A02-40EF-A545-7DB6733404F6}.Release|Any CPU.Build.0 = Release|Any CPU
		{F19880A0-7A02-40EF-A545-7DB6733404F6}.Release|x64.ActiveCfg = Release|Any CPU
		{F19880A0-7A02-40EF-A545-7DB6733404F6}.Release|x64.Build.0 = Release|Any CPU
		{F19880A0-7A02-40EF-A545-7DB6733404F6}.Release|x86.ActiveCfg = Release|Any CPU
		{F19880A0-7A02-40EF-A545-7DB6733404F6}.Release|x86.Build.0 = Release|Any CPU
		{0D5B5BC9-8EF1-4331-9374-DCEC6C05B6B5}.Debug|Any CPU.ActiveCfg = Debug|Any CPU
		{0D5B5BC9-8EF1-4331-9374-DCEC6C05B6B5}.Debug|Any CPU.Build.0 = Debug|Any CPU
		{0D5B5BC9-8EF1-4331-9374-DCEC6C05B6B5}.Debug|x64.ActiveCfg = Debug|Any CPU
		{0D5B5BC9-8EF1-4331-9374-DCEC6C05B6B5}.Debug|x64.Build.0 = Debug|Any CPU
		{0D5B5BC9-8EF1-4331-9374-DCEC6C05B6B5}.Debug|x86.ActiveCfg = Debug|Any CPU
		{0D5B5BC9-8EF1-4331-9374-DCEC6C05B6B5}.Debug|x86.Build.0 = Debug|Any CPU
		{0D5B5BC9-8EF1-4331-9374-DCEC6C05B6B5}.Release|Any CPU.ActiveCfg = Release|Any CPU
		{0D5B5BC9-8EF1-4331-9374-DCEC6C05B6B5}.Release|Any CPU.Build.0 = Release|Any CPU
		{0D5B5BC9-8EF1-4331-9374-DCEC6C05B6B5}.Release|x64.ActiveCfg = Release|Any CPU
		{0D5B5BC9-8EF1-4331-9374-DCEC6C05B6B5}.Release|x64.Build.0 = Release|Any CPU
		{0D5B5BC9-8EF1-4331-9374-DCEC6C05B6B5}.Release|x86.ActiveCfg = Release|Any CPU
		{0D5B5BC9-8EF1-4331-9374-DCEC6C05B6B5}.Release|x86.Build.0 = Release|Any CPU
		{BAE27964-132B-4C12-8FAB-8FF6C2EBC19B}.Debug|Any CPU.ActiveCfg = Debug|Any CPU
		{BAE27964-132B-4C12-8FAB-8FF6C2EBC19B}.Debug|Any CPU.Build.0 = Debug|Any CPU
		{BAE27964-132B-4C12-8FAB-8FF6C2EBC19B}.Debug|x64.ActiveCfg = Debug|Any CPU
		{BAE27964-132B-4C12-8FAB-8FF6C2EBC19B}.Debug|x64.Build.0 = Debug|Any CPU
		{BAE27964-132B-4C12-8FAB-8FF6C2EBC19B}.Debug|x86.ActiveCfg = Debug|Any CPU
		{BAE27964-132B-4C12-8FAB-8FF6C2EBC19B}.Debug|x86.Build.0 = Debug|Any CPU
		{BAE27964-132B-4C12-8FAB-8FF6C2EBC19B}.Release|Any CPU.ActiveCfg = Release|Any CPU
		{BAE27964-132B-4C12-8FAB-8FF6C2EBC19B}.Release|Any CPU.Build.0 = Release|Any CPU
		{BAE27964-132B-4C12-8FAB-8FF6C2EBC19B}.Release|x64.ActiveCfg = Release|Any CPU
		{BAE27964-132B-4C12-8FAB-8FF6C2EBC19B}.Release|x64.Build.0 = Release|Any CPU
		{BAE27964-132B-4C12-8FAB-8FF6C2EBC19B}.Release|x86.ActiveCfg = Release|Any CPU
		{BAE27964-132B-4C12-8FAB-8FF6C2EBC19B}.Release|x86.Build.0 = Release|Any CPU
		{BC8E3693-3E58-4C33-94D1-E16AC29E1BFA}.Debug|Any CPU.ActiveCfg = Debug|Any CPU
		{BC8E3693-3E58-4C33-94D1-E16AC29E1BFA}.Debug|Any CPU.Build.0 = Debug|Any CPU
		{BC8E3693-3E58-4C33-94D1-E16AC29E1BFA}.Debug|x64.ActiveCfg = Debug|Any CPU
		{BC8E3693-3E58-4C33-94D1-E16AC29E1BFA}.Debug|x64.Build.0 = Debug|Any CPU
		{BC8E3693-3E58-4C33-94D1-E16AC29E1BFA}.Debug|x86.ActiveCfg = Debug|Any CPU
		{BC8E3693-3E58-4C33-94D1-E16AC29E1BFA}.Debug|x86.Build.0 = Debug|Any CPU
		{BC8E3693-3E58-4C33-94D1-E16AC29E1BFA}.Release|Any CPU.ActiveCfg = Release|Any CPU
		{BC8E3693-3E58-4C33-94D1-E16AC29E1BFA}.Release|Any CPU.Build.0 = Release|Any CPU
		{BC8E3693-3E58-4C33-94D1-E16AC29E1BFA}.Release|x64.ActiveCfg = Release|Any CPU
		{BC8E3693-3E58-4C33-94D1-E16AC29E1BFA}.Release|x64.Build.0 = Release|Any CPU
		{BC8E3693-3E58-4C33-94D1-E16AC29E1BFA}.Release|x86.ActiveCfg = Release|Any CPU
		{BC8E3693-3E58-4C33-94D1-E16AC29E1BFA}.Release|x86.Build.0 = Release|Any CPU
		{94B85D1E-6751-4A8C-A564-FFA58FE8F995}.Debug|Any CPU.ActiveCfg = Debug|Any CPU
		{94B85D1E-6751-4A8C-A564-FFA58FE8F995}.Debug|Any CPU.Build.0 = Debug|Any CPU
		{94B85D1E-6751-4A8C-A564-FFA58FE8F995}.Debug|x64.ActiveCfg = Debug|Any CPU
		{94B85D1E-6751-4A8C-A564-FFA58FE8F995}.Debug|x64.Build.0 = Debug|Any CPU
		{94B85D1E-6751-4A8C-A564-FFA58FE8F995}.Debug|x86.ActiveCfg = Debug|Any CPU
		{94B85D1E-6751-4A8C-A564-FFA58FE8F995}.Debug|x86.Build.0 = Debug|Any CPU
		{94B85D1E-6751-4A8C-A564-FFA58FE8F995}.Release|Any CPU.ActiveCfg = Release|Any CPU
		{94B85D1E-6751-4A8C-A564-FFA58FE8F995}.Release|Any CPU.Build.0 = Release|Any CPU
		{94B85D1E-6751-4A8C-A564-FFA58FE8F995}.Release|x64.ActiveCfg = Release|Any CPU
		{94B85D1E-6751-4A8C-A564-FFA58FE8F995}.Release|x64.Build.0 = Release|Any CPU
		{94B85D1E-6751-4A8C-A564-FFA58FE8F995}.Release|x86.ActiveCfg = Release|Any CPU
		{94B85D1E-6751-4A8C-A564-FFA58FE8F995}.Release|x86.Build.0 = Release|Any CPU
		{644F6511-7FAC-45F0-8358-CDD7B3D1498E}.Debug|Any CPU.ActiveCfg = Debug|Any CPU
		{644F6511-7FAC-45F0-8358-CDD7B3D1498E}.Debug|Any CPU.Build.0 = Debug|Any CPU
		{644F6511-7FAC-45F0-8358-CDD7B3D1498E}.Debug|x64.ActiveCfg = Debug|Any CPU
		{644F6511-7FAC-45F0-8358-CDD7B3D1498E}.Debug|x64.Build.0 = Debug|Any CPU
		{644F6511-7FAC-45F0-8358-CDD7B3D1498E}.Debug|x86.ActiveCfg = Debug|Any CPU
		{644F6511-7FAC-45F0-8358-CDD7B3D1498E}.Debug|x86.Build.0 = Debug|Any CPU
		{644F6511-7FAC-45F0-8358-CDD7B3D1498E}.Release|Any CPU.ActiveCfg = Release|Any CPU
		{644F6511-7FAC-45F0-8358-CDD7B3D1498E}.Release|Any CPU.Build.0 = Release|Any CPU
		{644F6511-7FAC-45F0-8358-CDD7B3D1498E}.Release|x64.ActiveCfg = Release|Any CPU
		{644F6511-7FAC-45F0-8358-CDD7B3D1498E}.Release|x64.Build.0 = Release|Any CPU
		{644F6511-7FAC-45F0-8358-CDD7B3D1498E}.Release|x86.ActiveCfg = Release|Any CPU
		{644F6511-7FAC-45F0-8358-CDD7B3D1498E}.Release|x86.Build.0 = Release|Any CPU
		{6AC08FFB-A796-45B5-8033-FB63FCE84932}.Debug|Any CPU.ActiveCfg = Debug|Any CPU
		{6AC08FFB-A796-45B5-8033-FB63FCE84932}.Debug|Any CPU.Build.0 = Debug|Any CPU
		{6AC08FFB-A796-45B5-8033-FB63FCE84932}.Debug|x64.ActiveCfg = Debug|Any CPU
		{6AC08FFB-A796-45B5-8033-FB63FCE84932}.Debug|x64.Build.0 = Debug|Any CPU
		{6AC08FFB-A796-45B5-8033-FB63FCE84932}.Debug|x86.ActiveCfg = Debug|Any CPU
		{6AC08FFB-A796-45B5-8033-FB63FCE84932}.Debug|x86.Build.0 = Debug|Any CPU
		{6AC08FFB-A796-45B5-8033-FB63FCE84932}.Release|Any CPU.ActiveCfg = Release|Any CPU
		{6AC08FFB-A796-45B5-8033-FB63FCE84932}.Release|Any CPU.Build.0 = Release|Any CPU
		{6AC08FFB-A796-45B5-8033-FB63FCE84932}.Release|x64.ActiveCfg = Release|Any CPU
		{6AC08FFB-A796-45B5-8033-FB63FCE84932}.Release|x64.Build.0 = Release|Any CPU
		{6AC08FFB-A796-45B5-8033-FB63FCE84932}.Release|x86.ActiveCfg = Release|Any CPU
		{6AC08FFB-A796-45B5-8033-FB63FCE84932}.Release|x86.Build.0 = Release|Any CPU
		{E9E723DC-E20B-4F90-9978-CD55AE89C7F5}.Debug|Any CPU.ActiveCfg = Debug|Any CPU
		{E9E723DC-E20B-4F90-9978-CD55AE89C7F5}.Debug|Any CPU.Build.0 = Debug|Any CPU
		{E9E723DC-E20B-4F90-9978-CD55AE89C7F5}.Debug|x64.ActiveCfg = Debug|Any CPU
		{E9E723DC-E20B-4F90-9978-CD55AE89C7F5}.Debug|x64.Build.0 = Debug|Any CPU
		{E9E723DC-E20B-4F90-9978-CD55AE89C7F5}.Debug|x86.ActiveCfg = Debug|Any CPU
		{E9E723DC-E20B-4F90-9978-CD55AE89C7F5}.Debug|x86.Build.0 = Debug|Any CPU
		{E9E723DC-E20B-4F90-9978-CD55AE89C7F5}.Release|Any CPU.ActiveCfg = Release|Any CPU
		{E9E723DC-E20B-4F90-9978-CD55AE89C7F5}.Release|Any CPU.Build.0 = Release|Any CPU
		{E9E723DC-E20B-4F90-9978-CD55AE89C7F5}.Release|x64.ActiveCfg = Release|Any CPU
		{E9E723DC-E20B-4F90-9978-CD55AE89C7F5}.Release|x64.Build.0 = Release|Any CPU
		{E9E723DC-E20B-4F90-9978-CD55AE89C7F5}.Release|x86.ActiveCfg = Release|Any CPU
		{E9E723DC-E20B-4F90-9978-CD55AE89C7F5}.Release|x86.Build.0 = Release|Any CPU
		{3D58439B-5E25-4E4F-AF37-655AD7B4DB7F}.Debug|Any CPU.ActiveCfg = Debug|Any CPU
		{3D58439B-5E25-4E4F-AF37-655AD7B4DB7F}.Debug|Any CPU.Build.0 = Debug|Any CPU
		{3D58439B-5E25-4E4F-AF37-655AD7B4DB7F}.Debug|x64.ActiveCfg = Debug|Any CPU
		{3D58439B-5E25-4E4F-AF37-655AD7B4DB7F}.Debug|x64.Build.0 = Debug|Any CPU
		{3D58439B-5E25-4E4F-AF37-655AD7B4DB7F}.Debug|x86.ActiveCfg = Debug|Any CPU
		{3D58439B-5E25-4E4F-AF37-655AD7B4DB7F}.Debug|x86.Build.0 = Debug|Any CPU
		{3D58439B-5E25-4E4F-AF37-655AD7B4DB7F}.Release|Any CPU.ActiveCfg = Release|Any CPU
		{3D58439B-5E25-4E4F-AF37-655AD7B4DB7F}.Release|Any CPU.Build.0 = Release|Any CPU
		{3D58439B-5E25-4E4F-AF37-655AD7B4DB7F}.Release|x64.ActiveCfg = Release|Any CPU
		{3D58439B-5E25-4E4F-AF37-655AD7B4DB7F}.Release|x64.Build.0 = Release|Any CPU
		{3D58439B-5E25-4E4F-AF37-655AD7B4DB7F}.Release|x86.ActiveCfg = Release|Any CPU
		{3D58439B-5E25-4E4F-AF37-655AD7B4DB7F}.Release|x86.Build.0 = Release|Any CPU
		{6171F529-EBCD-6140-B18A-4224FF7CFE0F}.Debug|Any CPU.ActiveCfg = Debug|Any CPU
		{6171F529-EBCD-6140-B18A-4224FF7CFE0F}.Debug|Any CPU.Build.0 = Debug|Any CPU
		{6171F529-EBCD-6140-B18A-4224FF7CFE0F}.Debug|x64.ActiveCfg = Debug|Any CPU
		{6171F529-EBCD-6140-B18A-4224FF7CFE0F}.Debug|x64.Build.0 = Debug|Any CPU
		{6171F529-EBCD-6140-B18A-4224FF7CFE0F}.Debug|x86.ActiveCfg = Debug|Any CPU
		{6171F529-EBCD-6140-B18A-4224FF7CFE0F}.Debug|x86.Build.0 = Debug|Any CPU
		{6171F529-EBCD-6140-B18A-4224FF7CFE0F}.Release|Any CPU.ActiveCfg = Release|Any CPU
		{6171F529-EBCD-6140-B18A-4224FF7CFE0F}.Release|Any CPU.Build.0 = Release|Any CPU
		{6171F529-EBCD-6140-B18A-4224FF7CFE0F}.Release|x64.ActiveCfg = Release|Any CPU
		{6171F529-EBCD-6140-B18A-4224FF7CFE0F}.Release|x64.Build.0 = Release|Any CPU
		{6171F529-EBCD-6140-B18A-4224FF7CFE0F}.Release|x86.ActiveCfg = Release|Any CPU
		{6171F529-EBCD-6140-B18A-4224FF7CFE0F}.Release|x86.Build.0 = Release|Any CPU
		{ADB12FDF-0D14-15AE-232C-7DC8755CCDF9}.Debug|Any CPU.ActiveCfg = Debug|Any CPU
		{ADB12FDF-0D14-15AE-232C-7DC8755CCDF9}.Debug|Any CPU.Build.0 = Debug|Any CPU
		{ADB12FDF-0D14-15AE-232C-7DC8755CCDF9}.Debug|x64.ActiveCfg = Debug|Any CPU
		{ADB12FDF-0D14-15AE-232C-7DC8755CCDF9}.Debug|x64.Build.0 = Debug|Any CPU
		{ADB12FDF-0D14-15AE-232C-7DC8755CCDF9}.Debug|x86.ActiveCfg = Debug|Any CPU
		{ADB12FDF-0D14-15AE-232C-7DC8755CCDF9}.Debug|x86.Build.0 = Debug|Any CPU
		{ADB12FDF-0D14-15AE-232C-7DC8755CCDF9}.Release|Any CPU.ActiveCfg = Release|Any CPU
		{ADB12FDF-0D14-15AE-232C-7DC8755CCDF9}.Release|Any CPU.Build.0 = Release|Any CPU
		{ADB12FDF-0D14-15AE-232C-7DC8755CCDF9}.Release|x64.ActiveCfg = Release|Any CPU
		{ADB12FDF-0D14-15AE-232C-7DC8755CCDF9}.Release|x64.Build.0 = Release|Any CPU
		{ADB12FDF-0D14-15AE-232C-7DC8755CCDF9}.Release|x86.ActiveCfg = Release|Any CPU
		{ADB12FDF-0D14-15AE-232C-7DC8755CCDF9}.Release|x86.Build.0 = Release|Any CPU
	EndGlobalSection
	GlobalSection(SolutionProperties) = preSolution
		HideSolutionNode = FALSE
	EndGlobalSection
	GlobalSection(NestedProjects) = preSolution
		{5D8D56B3-67B9-4EC8-B950-7C3594D026C6} = {77516C2C-BA4E-4258-9CA0-AE4C4B0209E1}
		{F19880A0-7A02-40EF-A545-7DB6733404F6} = {5D8D56B3-67B9-4EC8-B950-7C3594D026C6}
		{0D5B5BC9-8EF1-4331-9374-DCEC6C05B6B5} = {5D8D56B3-67B9-4EC8-B950-7C3594D026C6}
		{BAE27964-132B-4C12-8FAB-8FF6C2EBC19B} = {5D8D56B3-67B9-4EC8-B950-7C3594D026C6}
		{BC8E3693-3E58-4C33-94D1-E16AC29E1BFA} = {5D8D56B3-67B9-4EC8-B950-7C3594D026C6}
		{94B85D1E-6751-4A8C-A564-FFA58FE8F995} = {5D8D56B3-67B9-4EC8-B950-7C3594D026C6}
		{644F6511-7FAC-45F0-8358-CDD7B3D1498E} = {5D8D56B3-67B9-4EC8-B950-7C3594D026C6}
		{6AC08FFB-A796-45B5-8033-FB63FCE84932} = {77516C2C-BA4E-4258-9CA0-AE4C4B0209E1}
		{C3AE0746-4EDC-5A03-978E-FEF536D2361A} = {5D8D56B3-67B9-4EC8-B950-7C3594D026C6}
		{E9E723DC-E20B-4F90-9978-CD55AE89C7F5} = {C3AE0746-4EDC-5A03-978E-FEF536D2361A}
		{3D58439B-5E25-4E4F-AF37-655AD7B4DB7F} = {77516C2C-BA4E-4258-9CA0-AE4C4B0209E1}
		{6171F529-EBCD-6140-B18A-4224FF7CFE0F} = {5D8D56B3-67B9-4EC8-B950-7C3594D026C6}
		{ADB12FDF-0D14-15AE-232C-7DC8755CCDF9} = {5D8D56B3-67B9-4EC8-B950-7C3594D026C6}
	EndGlobalSection
	GlobalSection(ExtensibilityGlobals) = postSolution
		SolutionGuid = {DF6B5E4B-D40E-4FD4-9468-7FF180E7C9A3}
	EndGlobalSection
EndGlobal
